
Microsoft Visual Studio Solution File, Format Version 12.00
# Visual Studio 15
VisualStudioVersion = 15.0.28307.902
MinimumVisualStudioVersion = 10.0.40219.1
Project("{8BC9CEB8-8B4A-11D0-8D11-00A0C91BC942}") = "ConsoleApplication1", "ConsoleApplication1\ConsoleApplication1.vcxproj", "{F0354D05-2CF2-48E9-B5B9-DE54FC969C58}"
EndProject
Global
	GlobalSection(SolutionConfigurationPlatforms) = preSolution
		Debug|x64 = Debug|x64
		Debug|x86 = Debug|x86
		Release|x64 = Release|x64
		Release|x86 = Release|x86
	EndGlobalSection
	GlobalSection(ProjectConfigurationPlatforms) = postSolution
		{F0354D05-2CF2-48E9-B5B9-DE54FC969C58}.Debug|x64.ActiveCfg = Debug|x64
		{F0354D05-2CF2-48E9-B5B9-DE54FC969C58}.Debug|x64.Build.0 = Debug|x64
		{F0354D05-2CF2-48E9-B5B9-DE54FC969C58}.Debug|x86.ActiveCfg = Debug|Win32
		{F0354D05-2CF2-48E9-B5B9-DE54FC969C58}.Debug|x86.Build.0 = Debug|Win32
		{F0354D05-2CF2-48E9-B5B9-DE54FC969C58}.Release|x64.ActiveCfg = Release|x64
		{F0354D05-2CF2-48E9-B5B9-DE54FC969C58}.Release|x64.Build.0 = Release|x64
		{F0354D05-2CF2-48E9-B5B9-DE54FC969C58}.Release|x86.ActiveCfg = Release|Win32
		{F0354D05-2CF2-48E9-B5B9-DE54FC969C58}.Release|x86.Build.0 = Release|Win32
	EndGlobalSection
	GlobalSection(SolutionProperties) = preSolution
		HideSolutionNode = FALSE
	EndGlobalSection
	GlobalSection(ExtensibilityGlobals) = postSolution
		SolutionGuid = {0526C690-6C09-4BBD-B05B-DC325F976AC1}
	EndGlobalSection
EndGlobal
